{
    "_meta": {
        "hash": {
            "sha256": "2ac81ce11198646f581b04616654f2ec6cd1f7a2c54081f2e3aecba53449386d"
        },
        "pipfile-spec": 6,
        "requires": {
            "python_full_version": "3.10.6",
            "python_version": "3.10"
        },
        "sources": [
            {
                "name": "pypi",
                "url": "https://pypi.org/simple",
                "verify_ssl": true
            }
        ]
    },
    "default": {},
    "develop": {}
}
